// !$*UTF8*$!
{
	archiveVersion = 1;
	classes = {
	};
	objectVersion = 50;
	objects = {

/* Begin PBXBuildFile section */
		1F3200CD20CE4E4D00015B68 /* main.cpp in Sources */ = {isa = PBXBuildFile; fileRef = 1F3200CC20CE4E4D00015B68 /* main.cpp */; };
		1F3202D420D25DB300015B68 /* RunloopManager.cpp in Sources */ = {isa = PBXBuildFile; fileRef = 1F3202D220D25DB300015B68 /* RunloopManager.cpp */; };
		1F3203B320D8EEE900015B68 /* RunLoop.cpp in Sources */ = {isa = PBXBuildFile; fileRef = 1F3203B120D8EEE900015B68 /* RunLoop.cpp */; };
		1F3203B920D9083000015B68 /* PipeInterrupter.cpp in Sources */ = {isa = PBXBuildFile; fileRef = 1F3203B720D9083000015B68 /* PipeInterrupter.cpp */; };
		1F3203BC20D9F21500015B68 /* TimerQueue.cpp in Sources */ = {isa = PBXBuildFile; fileRef = 1F3203BA20D9F21500015B68 /* TimerQueue.cpp */; };
		1F3203BF20DA453200015B68 /* HelperUtils.cpp in Sources */ = {isa = PBXBuildFile; fileRef = 1F3203BD20DA453200015B68 /* HelperUtils.cpp */; };
		1F3203C220DB86FA00015B68 /* Dispatch.cpp in Sources */ = {isa = PBXBuildFile; fileRef = 1F3203C020DB86FA00015B68 /* Dispatch.cpp */; };
/* End PBXBuildFile section */

/* Begin PBXCopyFilesBuildPhase section */
		1F3200C720CE4E4D00015B68 /* CopyFiles */ = {
			isa = PBXCopyFilesBuildPhase;
			buildActionMask = 2147483647;
			dstPath = /usr/share/man/man1/;
			dstSubfolderSpec = 0;
			files = (
			);
			runOnlyForDeploymentPostprocessing = 1;
		};
/* End PBXCopyFilesBuildPhase section */

/* Begin PBXFileReference section */
		1F3200C920CE4E4D00015B68 /* ASIO_ONLY_STUDY */ = {isa = PBXFileReference; explicitFileType = "compiled.mach-o.executable"; includeInIndex = 0; path = ASIO_ONLY_STUDY; sourceTree = BUILT_PRODUCTS_DIR; };
		1F3200CC20CE4E4D00015B68 /* main.cpp */ = {isa = PBXFileReference; lastKnownFileType = sourcecode.cpp.cpp; path = main.cpp; sourceTree = "<group>"; };
		1F3202D220D25DB300015B68 /* RunloopManager.cpp */ = {isa = PBXFileReference; lastKnownFileType = sourcecode.cpp.cpp; path = RunloopManager.cpp; sourceTree = "<group>"; };
		1F3202D320D25DB300015B68 /* RunloopManager.hpp */ = {isa = PBXFileReference; lastKnownFileType = sourcecode.cpp.h; path = RunloopManager.hpp; sourceTree = "<group>"; };
		1F3203B120D8EEE900015B68 /* RunLoop.cpp */ = {isa = PBXFileReference; lastKnownFileType = sourcecode.cpp.cpp; path = RunLoop.cpp; sourceTree = "<group>"; };
		1F3203B220D8EEE900015B68 /* RunLoop.hpp */ = {isa = PBXFileReference; lastKnownFileType = sourcecode.cpp.h; path = RunLoop.hpp; sourceTree = "<group>"; };
		1F3203B420D8F4BC00015B68 /* Callbacks.h */ = {isa = PBXFileReference; fileEncoding = 4; lastKnownFileType = sourcecode.c.h; path = Callbacks.h; sourceTree = "<group>"; };
		1F3203B520D8F4BC00015B68 /* Timer.hpp */ = {isa = PBXFileReference; fileEncoding = 4; lastKnownFileType = sourcecode.cpp.h; path = Timer.hpp; sourceTree = "<group>"; };
		1F3203B720D9083000015B68 /* PipeInterrupter.cpp */ = {isa = PBXFileReference; lastKnownFileType = sourcecode.cpp.cpp; path = PipeInterrupter.cpp; sourceTree = "<group>"; };
		1F3203B820D9083000015B68 /* PipeInterrupter.hpp */ = {isa = PBXFileReference; lastKnownFileType = sourcecode.cpp.h; path = PipeInterrupter.hpp; sourceTree = "<group>"; };
		1F3203BA20D9F21500015B68 /* TimerQueue.cpp */ = {isa = PBXFileReference; lastKnownFileType = sourcecode.cpp.cpp; path = TimerQueue.cpp; sourceTree = "<group>"; };
		1F3203BB20D9F21500015B68 /* TimerQueue.hpp */ = {isa = PBXFileReference; lastKnownFileType = sourcecode.cpp.h; path = TimerQueue.hpp; sourceTree = "<group>"; };
		1F3203BD20DA453200015B68 /* HelperUtils.cpp */ = {isa = PBXFileReference; lastKnownFileType = sourcecode.cpp.cpp; path = HelperUtils.cpp; sourceTree = "<group>"; };
		1F3203BE20DA453200015B68 /* HelperUtils.hpp */ = {isa = PBXFileReference; lastKnownFileType = sourcecode.cpp.h; path = HelperUtils.hpp; sourceTree = "<group>"; };
		1F3203C020DB86FA00015B68 /* Dispatch.cpp */ = {isa = PBXFileReference; lastKnownFileType = sourcecode.cpp.cpp; path = Dispatch.cpp; sourceTree = "<group>"; };
		1F3203C120DB86FA00015B68 /* Dispatch.hpp */ = {isa = PBXFileReference; lastKnownFileType = sourcecode.cpp.h; path = Dispatch.hpp; sourceTree = "<group>"; };
/* End PBXFileReference section */

/* Begin PBXFrameworksBuildPhase section */
		1F3200C620CE4E4D00015B68 /* Frameworks */ = {
			isa = PBXFrameworksBuildPhase;
			buildActionMask = 2147483647;
			files = (
			);
			runOnlyForDeploymentPostprocessing = 0;
		};
/* End PBXFrameworksBuildPhase section */

/* Begin PBXGroup section */
		1F3200C020CE4E4D00015B68 = {
			isa = PBXGroup;
			children = (
				1F3203B020D8ECAE00015B68 /* Runloop */,
				1F3200CB20CE4E4D00015B68 /* ASIO_ONLY_STUDY */,
				1F3200CA20CE4E4D00015B68 /* Products */,
			);
			sourceTree = "<group>";
		};
		1F3200CA20CE4E4D00015B68 /* Products */ = {
			isa = PBXGroup;
			children = (
				1F3200C920CE4E4D00015B68 /* ASIO_ONLY_STUDY */,
			);
			name = Products;
			sourceTree = "<group>";
		};
		1F3200CB20CE4E4D00015B68 /* ASIO_ONLY_STUDY */ = {
			isa = PBXGroup;
			children = (
				1F3200CC20CE4E4D00015B68 /* main.cpp */,
				1F3202D220D25DB300015B68 /* RunloopManager.cpp */,
				1F3202D320D25DB300015B68 /* RunloopManager.hpp */,
			);
			path = ASIO_ONLY_STUDY;
			sourceTree = "<group>";
		};
		1F3203B020D8ECAE00015B68 /* Runloop */ = {
			isa = PBXGroup;
			children = (
				1F3203B120D8EEE900015B68 /* RunLoop.cpp */,
				1F3203B220D8EEE900015B68 /* RunLoop.hpp */,
				1F3203B420D8F4BC00015B68 /* Callbacks.h */,
				1F3203B520D8F4BC00015B68 /* Timer.hpp */,
				1F3203B720D9083000015B68 /* PipeInterrupter.cpp */,
				1F3203B820D9083000015B68 /* PipeInterrupter.hpp */,
				1F3203BA20D9F21500015B68 /* TimerQueue.cpp */,
				1F3203BB20D9F21500015B68 /* TimerQueue.hpp */,
				1F3203BD20DA453200015B68 /* HelperUtils.cpp */,
				1F3203BE20DA453200015B68 /* HelperUtils.hpp */,
				1F3203C020DB86FA00015B68 /* Dispatch.cpp */,
				1F3203C120DB86FA00015B68 /* Dispatch.hpp */,
			);
			path = Runloop;
			sourceTree = "<group>";
		};
/* End PBXGroup section */

/* Begin PBXNativeTarget section */
		1F3200C820CE4E4D00015B68 /* ASIO_ONLY_STUDY */ = {
			isa = PBXNativeTarget;
			buildConfigurationList = 1F3200D020CE4E4D00015B68 /* Build configuration list for PBXNativeTarget "ASIO_ONLY_STUDY" */;
			buildPhases = (
				1F3200C520CE4E4D00015B68 /* Sources */,
				1F3200C620CE4E4D00015B68 /* Frameworks */,
				1F3200C720CE4E4D00015B68 /* CopyFiles */,
			);
			buildRules = (
			);
			dependencies = (
			);
			name = ASIO_ONLY_STUDY;
			productName = ASIO_ONLY_STUDY;
			productReference = 1F3200C920CE4E4D00015B68 /* ASIO_ONLY_STUDY */;
			productType = "com.apple.product-type.tool";
		};
/* End PBXNativeTarget section */

/* Begin PBXProject section */
		1F3200C120CE4E4D00015B68 /* Project object */ = {
			isa = PBXProject;
			attributes = {
				LastUpgradeCheck = 0940;
				ORGANIZATIONNAME = huanao;
				TargetAttributes = {
					1F3200C820CE4E4D00015B68 = {
						CreatedOnToolsVersion = 9.4;
					};
				};
			};
			buildConfigurationList = 1F3200C420CE4E4D00015B68 /* Build configuration list for PBXProject "ASIO_ONLY_STUDY" */;
			compatibilityVersion = "Xcode 9.3";
			developmentRegion = en;
			hasScannedForEncodings = 0;
			knownRegions = (
				en,
			);
			mainGroup = 1F3200C020CE4E4D00015B68;
			productRefGroup = 1F3200CA20CE4E4D00015B68 /* Products */;
			projectDirPath = "";
			projectRoot = "";
			targets = (
				1F3200C820CE4E4D00015B68 /* ASIO_ONLY_STUDY */,
			);
		};
/* End PBXProject section */

/* Begin PBXSourcesBuildPhase section */
		1F3200C520CE4E4D00015B68 /* Sources */ = {
			isa = PBXSourcesBuildPhase;
			buildActionMask = 2147483647;
			files = (
				1F3203BC20D9F21500015B68 /* TimerQueue.cpp in Sources */,
				1F3200CD20CE4E4D00015B68 /* main.cpp in Sources */,
				1F3202D420D25DB300015B68 /* RunloopManager.cpp in Sources */,
				1F3203B920D9083000015B68 /* PipeInterrupter.cpp in Sources */,
				1F3203C220DB86FA00015B68 /* Dispatch.cpp in Sources */,
				1F3203BF20DA453200015B68 /* HelperUtils.cpp in Sources */,
				1F3203B320D8EEE900015B68 /* RunLoop.cpp in Sources */,
			);
			runOnlyForDeploymentPostprocessing = 0;
		};
/* End PBXSourcesBuildPhase section */

/* Begin XCBuildConfiguration section */
		1F3200CE20CE4E4D00015B68 /* Debug */ = {
			isa = XCBuildConfiguration;
			buildSettings = {
				ALWAYS_SEARCH_USER_PATHS = NO;
				CLANG_ANALYZER_NONNULL = YES;
				CLANG_ANALYZER_NUMBER_OBJECT_CONVERSION = YES_AGGRESSIVE;
				CLANG_CXX_LANGUAGE_STANDARD = "gnu++14";
				CLANG_CXX_LIBRARY = "libc++";
				CLANG_ENABLE_MODULES = YES;
				CLANG_ENABLE_OBJC_ARC = YES;
				CLANG_ENABLE_OBJC_WEAK = YES;
				CLANG_WARN_BLOCK_CAPTURE_AUTORELEASING = YES;
				CLANG_WARN_BOOL_CONVERSION = YES;
				CLANG_WARN_COMMA = YES;
				CLANG_WARN_CONSTANT_CONVERSION = YES;
				CLANG_WARN_DEPRECATED_OBJC_IMPLEMENTATIONS = YES;
				CLANG_WARN_DIRECT_OBJC_ISA_USAGE = YES_ERROR;
				CLANG_WARN_DOCUMENTATION_COMMENTS = YES;
				CLANG_WARN_EMPTY_BODY = YES;
				CLANG_WARN_ENUM_CONVERSION = YES;
				CLANG_WARN_INFINITE_RECURSION = YES;
				CLANG_WARN_INT_CONVERSION = YES;
				CLANG_WARN_NON_LITERAL_NULL_CONVERSION = YES;
				CLANG_WARN_OBJC_IMPLICIT_RETAIN_SELF = YES;
				CLANG_WARN_OBJC_LITERAL_CONVERSION = YES;
				CLANG_WARN_OBJC_ROOT_CLASS = YES_ERROR;
				CLANG_WARN_RANGE_LOOP_ANALYSIS = YES;
				CLANG_WARN_STRICT_PROTOTYPES = YES;
				CLANG_WARN_SUSPICIOUS_MOVE = YES;
				CLANG_WARN_UNGUARDED_AVAILABILITY = YES_AGGRESSIVE;
				CLANG_WARN_UNREACHABLE_CODE = YES;
				CLANG_WARN__DUPLICATE_METHOD_MATCH = YES;
				CODE_SIGN_IDENTITY = "-";
				COPY_PHASE_STRIP = NO;
				DEBUG_INFORMATION_FORMAT = dwarf;
				ENABLE_STRICT_OBJC_MSGSEND = YES;
				ENABLE_TESTABILITY = YES;
				GCC_C_LANGUAGE_STANDARD = gnu11;
				GCC_DYNAMIC_NO_PIC = NO;
				GCC_NO_COMMON_BLOCKS = YES;
				GCC_OPTIMIZATION_LEVEL = 0;
				GCC_PREPROCESSOR_DEFINITIONS = (
					"DEBUG=1",
					"$(inherited)",
				);
				GCC_WARN_64_TO_32_BIT_CONVERSION = YES;
				GCC_WARN_ABOUT_RETURN_TYPE = YES_ERROR;
				GCC_WARN_UNDECLARED_SELECTOR = YES;
				GCC_WARN_UNINITIALIZED_AUTOS = YES_AGGRESSIVE;
				GCC_WARN_UNUSED_FUNCTION = YES;
				GCC_WARN_UNUSED_VARIABLE = YES;
				HEADER_SEARCH_PATHS = "$(SRCROOT)/ASIO_ONLY_STUDY";
				MACOSX_DEPLOYMENT_TARGET = 10.13;
				MTL_ENABLE_DEBUG_INFO = YES;
				ONLY_ACTIVE_ARCH = YES;
				SDKROOT = macosx;
			};
			name = Debug;
		};
		1F3200CF20CE4E4D00015B68 /* Release */ = {
			isa = XCBuildConfiguration;
			buildSettings = {
				ALWAYS_SEARCH_USER_PATHS = NO;
				CLANG_ANALYZER_NONNULL = YES;
				CLANG_ANALYZER_NUMBER_OBJECT_CONVERSION = YES_AGGRESSIVE;
				CLANG_CXX_LANGUAGE_STANDARD = "gnu++14";
				CLANG_CXX_LIBRARY = "libc++";
				CLANG_ENABLE_MODULES = YES;
				CLANG_ENABLE_OBJC_ARC = YES;
				CLANG_ENABLE_OBJC_WEAK = YES;
				CLANG_WARN_BLOCK_CAPTURE_AUTORELEASING = YES;
				CLANG_WARN_BOOL_CONVERSION = YES;
				CLANG_WARN_COMMA = YES;
				CLANG_WARN_CONSTANT_CONVERSION = YES;
				CLANG_WARN_DEPRECATED_OBJC_IMPLEMENTATIONS = YES;
				CLANG_WARN_DIRECT_OBJC_ISA_USAGE = YES_ERROR;
				CLANG_WARN_DOCUMENTATION_COMMENTS = YES;
				CLANG_WARN_EMPTY_BODY = YES;
				CLANG_WARN_ENUM_CONVERSION = YES;
				CLANG_WARN_INFINITE_RECURSION = YES;
				CLANG_WARN_INT_CONVERSION = YES;
				CLANG_WARN_NON_LITERAL_NULL_CONVERSION = YES;
				CLANG_WARN_OBJC_IMPLICIT_RETAIN_SELF = YES;
				CLANG_WARN_OBJC_LITERAL_CONVERSION = YES;
				CLANG_WARN_OBJC_ROOT_CLASS = YES_ERROR;
				CLANG_WARN_RANGE_LOOP_ANALYSIS = YES;
				CLANG_WARN_STRICT_PROTOTYPES = YES;
				CLANG_WARN_SUSPICIOUS_MOVE = YES;
				CLANG_WARN_UNGUARDED_AVAILABILITY = YES_AGGRESSIVE;
				CLANG_WARN_UNREACHABLE_CODE = YES;
				CLANG_WARN__DUPLICATE_METHOD_MATCH = YES;
				CODE_SIGN_IDENTITY = "-";
				COPY_PHASE_STRIP = NO;
				DEBUG_INFORMATION_FORMAT = "dwarf-with-dsym";
				ENABLE_NS_ASSERTIONS = NO;
				ENABLE_STRICT_OBJC_MSGSEND = YES;
				GCC_C_LANGUAGE_STANDARD = gnu11;
				GCC_NO_COMMON_BLOCKS = YES;
				GCC_WARN_64_TO_32_BIT_CONVERSION = YES;
				GCC_WARN_ABOUT_RETURN_TYPE = YES_ERROR;
				GCC_WARN_UNDECLARED_SELECTOR = YES;
				GCC_WARN_UNINITIALIZED_AUTOS = YES_AGGRESSIVE;
				GCC_WARN_UNUSED_FUNCTION = YES;
				GCC_WARN_UNUSED_VARIABLE = YES;
				HEADER_SEARCH_PATHS = "$(SRCROOT)/ASIO_ONLY_STUDY";
				MACOSX_DEPLOYMENT_TARGET = 10.13;
				MTL_ENABLE_DEBUG_INFO = NO;
				SDKROOT = macosx;
			};
			name = Release;
		};
		1F3200D120CE4E4D00015B68 /* Debug */ = {
			isa = XCBuildConfiguration;
			buildSettings = {
				CODE_SIGN_STYLE = Automatic;
				HEADER_SEARCH_PATHS = "$(SRCROOT)/include";
				PRODUCT_NAME = "$(TARGET_NAME)";
			};
			name = Debug;
		};
		1F3200D220CE4E4D00015B68 /* Release */ = {
			isa = XCBuildConfiguration;
			buildSettings = {
				CODE_SIGN_STYLE = Automatic;
				HEADER_SEARCH_PATHS = "$(SRCROOT)/include";
				PRODUCT_NAME = "$(TARGET_NAME)";
			};
			name = Release;
		};
/* End XCBuildConfiguration section */

/* Begin XCConfigurationList section */
		1F3200C420CE4E4D00015B68 /* Build configuration list for PBXProject "ASIO_ONLY_STUDY" */ = {
			isa = XCConfigurationList;
			buildConfigurations = (
				1F3200CE20CE4E4D00015B68 /* Debug */,
				1F3200CF20CE4E4D00015B68 /* Release */,
			);
			defaultConfigurationIsVisible = 0;
			defaultConfigurationName = Release;
		};
		1F3200D020CE4E4D00015B68 /* Build configuration list for PBXNativeTarget "ASIO_ONLY_STUDY" */ = {
			isa = XCConfigurationList;
			buildConfigurations = (
				1F3200D120CE4E4D00015B68 /* Debug */,
				1F3200D220CE4E4D00015B68 /* Release */,
			);
			defaultConfigurationIsVisible = 0;
			defaultConfigurationName = Release;
		};
/* End XCConfigurationList section */
	};
	rootObject = 1F3200C120CE4E4D00015B68 /* Project object */;
}
